Microsoft Visual Studio Solution File, Format Version 12.00
# Visual Studio 15
Project("{8BC9CEB8-8B4A-11D0-8D11-00A0C91BC942}") = "ALL_BUILD", "ALL_BUILD.vcxproj", "{F130DA68-12F7-3561-B1D8-9220D873DA0E}"
	ProjectSection(ProjectDependencies) = postProject
		{03C25CA0-C215-353E-AD98-188B9894DA4B} = {03C25CA0-C215-353E-AD98-188B9894DA4B}
		{3B0CFE34-E17C-3542-AF49-AEAEFAE9DAA6} = {3B0CFE34-E17C-3542-AF49-AEAEFAE9DAA6}
		{BD59283A-E66A-324A-A17A-5DB462C3A0E3} = {BD59283A-E66A-324A-A17A-5DB462C3A0E3}
		{500AD355-3D23-34F2-B2A0-3A32029216CD} = {500AD355-3D23-34F2-B2A0-3A32029216CD}
		{6AF65550-F496-3591-9A27-C3D3CA11981C} = {6AF65550-F496-3591-9A27-C3D3CA11981C}
	EndProjectSection
EndProject
Project("{8BC9CEB8-8B4A-11D0-8D11-00A0C91BC942}") = "INSTALL", "INSTALL.vcxproj", "{C2520191-ABDE-3C46-B126-DDE3A1AD7F27}"
	ProjectSection(ProjectDependencies) = postProject
		{F130DA68-12F7-3561-B1D8-9220D873DA0E} = {F130DA68-12F7-3561-B1D8-9220D873DA0E}
		{03C25CA0-C215-353E-AD98-188B9894DA4B} = {03C25CA0-C215-353E-AD98-188B9894DA4B}
	EndProjectSection
EndProject
Project("{8BC9CEB8-8B4A-11D0-8D11-00A0C91BC942}") = "RUN_TESTS", "RUN_TESTS.vcxproj", "{42ED4073-3AB4-3F32-A809-B19E04880730}"
	ProjectSection(ProjectDependencies) = postProject
		{03C25CA0-C215-353E-AD98-188B9894DA4B} = {03C25CA0-C215-353E-AD98-188B9894DA4B}
	EndProjectSection
EndProject
Project("{8BC9CEB8-8B4A-11D0-8D11-00A0C91BC942}") = "ZERO_CHECK", "ZERO_CHECK.vcxproj", "{03C25CA0-C215-353E-AD98-188B9894DA4B}"
	ProjectSection(ProjectDependencies) = postProject
	EndProjectSection
EndProject
Project("{8BC9CEB8-8B4A-11D0-8D11-00A0C91BC942}") = "example", "example.vcxproj", "{3B0CFE34-E17C-3542-AF49-AEAEFAE9DAA6}"
	ProjectSection(ProjectDependencies) = postProject
		{03C25CA0-C215-353E-AD98-188B9894DA4B} = {03C25CA0-C215-353E-AD98-188B9894DA4B}
		{500AD355-3D23-34F2-B2A0-3A32029216CD} = {500AD355-3D23-34F2-B2A0-3A32029216CD}
	EndProjectSection
EndProject
Project("{8BC9CEB8-8B4A-11D0-8D11-00A0C91BC942}") = "minigzip", "minigzip.vcxproj", "{BD59283A-E66A-324A-A17A-5DB462C3A0E3}"
	ProjectSection(ProjectDependencies) = postProject
		{03C25CA0-C215-353E-AD98-188B9894DA4B} = {03C25CA0-C215-353E-AD98-188B9894DA4B}
		{500AD355-3D23-34F2-B2A0-3A32029216CD} = {500AD355-3D23-34F2-B2A0-3A32029216CD}
	EndProjectSection
EndProject
Project("{8BC9CEB8-8B4A-11D0-8D11-00A0C91BC942}") = "zlib", "zlib.vcxproj", "{500AD355-3D23-34F2-B2A0-3A32029216CD}"
	ProjectSection(ProjectDependencies) = postProject
		{03C25CA0-C215-353E-AD98-188B9894DA4B} = {03C25CA0-C215-353E-AD98-188B9894DA4B}
	EndProjectSection
EndProject
Project("{8BC9CEB8-8B4A-11D0-8D11-00A0C91BC942}") = "zlibstatic", "zlibstatic.vcxproj", "{6AF65550-F496-3591-9A27-C3D3CA11981C}"
	ProjectSection(ProjectDependencies) = postProject
		{03C25CA0-C215-353E-AD98-188B9894DA4B} = {03C25CA0-C215-353E-AD98-188B9894DA4B}
	EndProjectSection
EndProject
Global
	GlobalSection(SolutionConfigurationPlatforms) = preSolution
		Debug|Win32 = Debug|Win32
		Release|Win32 = Release|Win32
		MinSizeRel|Win32 = MinSizeRel|Win32
		RelWithDebInfo|Win32 = RelWithDebInfo|Win32
	EndGlobalSection
	GlobalSection(ProjectConfigurationPlatforms) = postSolution
		{F130DA68-12F7-3561-B1D8-9220D873DA0E}.Debug|Win32.ActiveCfg = Debug|Win32
		{F130DA68-12F7-3561-B1D8-9220D873DA0E}.Debug|Win32.Build.0 = Debug|Win32
		{F130DA68-12F7-3561-B1D8-9220D873DA0E}.Release|Win32.ActiveCfg = Release|Win32
		{F130DA68-12F7-3561-B1D8-9220D873DA0E}.Release|Win32.Build.0 = Release|Win32
		{F130DA68-12F7-3561-B1D8-9220D873DA0E}.MinSizeRel|Win32.ActiveCfg = MinSizeRel|Win32
		{F130DA68-12F7-3561-B1D8-9220D873DA0E}.MinSizeRel|Win32.Build.0 = MinSizeRel|Win32
		{F130DA68-12F7-3561-B1D8-9220D873DA0E}.RelWithDebInfo|Win32.ActiveCfg = RelWithDebInfo|Win32
		{F130DA68-12F7-3561-B1D8-9220D873DA0E}.RelWithDebInfo|Win32.Build.0 = RelWithDebInfo|Win32
		{C2520191-ABDE-3C46-B126-DDE3A1AD7F27}.Debug|Win32.ActiveCfg = Debug|Win32
		{C2520191-ABDE-3C46-B126-DDE3A1AD7F27}.Release|Win32.ActiveCfg = Release|Win32
		{C2520191-ABDE-3C46-B126-DDE3A1AD7F27}.MinSizeRel|Win32.ActiveCfg = MinSizeRel|Win32
		{C2520191-ABDE-3C46-B126-DDE3A1AD7F27}.RelWithDebInfo|Win32.ActiveCfg = RelWithDebInfo|Win32
		{42ED4073-3AB4-3F32-A809-B19E04880730}.Debug|Win32.ActiveCfg = Debug|Win32
		{42ED4073-3AB4-3F32-A809-B19E04880730}.Release|Win32.ActiveCfg = Release|Win32
		{42ED4073-3AB4-3F32-A809-B19E04880730}.MinSizeRel|Win32.ActiveCfg = MinSizeRel|Win32
		{42ED4073-3AB4-3F32-A809-B19E04880730}.RelWithDebInfo|Win32.ActiveCfg = RelWithDebInfo|Win32
		{03C25CA0-C215-353E-AD98-188B9894DA4B}.Debug|Win32.ActiveCfg = Debug|Win32
		{03C25CA0-C215-353E-AD98-188B9894DA4B}.Debug|Win32.Build.0 = Debug|Win32
		{03C25CA0-C215-353E-AD98-188B9894DA4B}.Release|Win32.ActiveCfg = Release|Win32
		{03C25CA0-C215-353E-AD98-188B9894DA4B}.Release|Win32.Build.0 = Release|Win32
		{03C25CA0-C215-353E-AD98-188B9894DA4B}.MinSizeRel|Win32.ActiveCfg = MinSizeRel|Win32
		{03C25CA0-C215-353E-AD98-188B9894DA4B}.MinSizeRel|Win32.Build.0 = MinSizeRel|Win32
		{03C25CA0-C215-353E-AD98-188B9894DA4B}.RelWithDebInfo|Win32.ActiveCfg = RelWithDebInfo|Win32
		{03C25CA0-C215-353E-AD98-188B9894DA4B}.RelWithDebInfo|Win32.Build.0 = RelWithDebInfo|Win32
		{3B0CFE34-E17C-3542-AF49-AEAEFAE9DAA6}.Debug|Win32.ActiveCfg = Debug|Win32
		{3B0CFE34-E17C-3542-AF49-AEAEFAE9DAA6}.Debug|Win32.Build.0 = Debug|Win32
		{3B0CFE34-E17C-3542-AF49-AEAEFAE9DAA6}.Release|Win32.ActiveCfg = Release|Win32
		{3B0CFE34-E17C-3542-AF49-AEAEFAE9DAA6}.Release|Win32.Build.0 = Release|Win32
		{3B0CFE34-E17C-3542-AF49-AEAEFAE9DAA6}.MinSizeRel|Win32.ActiveCfg = MinSizeRel|Win32
		{3B0CFE34-E17C-3542-AF49-AEAEFAE9DAA6}.MinSizeRel|Win32.Build.0 = MinSizeRel|Win32
		{3B0CFE34-E17C-3542-AF49-AEAEFAE9DAA6}.RelWithDebInfo|Win32.ActiveCfg = RelWithDebInfo|Win32
		{3B0CFE34-E17C-3542-AF49-AEAEFAE9DAA6}.RelWithDebInfo|Win32.Build.0 = RelWithDebInfo|Win32
		{BD59283A-E66A-324A-A17A-5DB462C3A0E3}.Debug|Win32.ActiveCfg = Debug|Win32
		{BD59283A-E66A-324A-A17A-5DB462C3A0E3}.Debug|Win32.Build.0 = Debug|Win32
		{BD59283A-E66A-324A-A17A-5DB462C3A0E3}.Release|Win32.ActiveCfg = Release|Win32
		{BD59283A-E66A-324A-A17A-5DB462C3A0E3}.Release|Win32.Build.0 = Release|Win32
		{BD59283A-E66A-324A-A17A-5DB462C3A0E3}.MinSizeRel|Win32.ActiveCfg = MinSizeRel|Win32
		{BD59283A-E66A-324A-A17A-5DB462C3A0E3}.MinSizeRel|Win32.Build.0 = MinSizeRel|Win32
		{BD59283A-E66A-324A-A17A-5DB462C3A0E3}.RelWithDebInfo|Win32.ActiveCfg = RelWithDebInfo|Win32
		{BD59283A-E66A-324A-A17A-5DB462C3A0E3}.RelWithDebInfo|Win32.Build.0 = RelWithDebInfo|Win32
		{500AD355-3D23-34F2-B2A0-3A32029216CD}.Debug|Win32.ActiveCfg = Debug|Win32
		{500AD355-3D23-34F2-B2A0-3A32029216CD}.Debug|Win32.Build.0 = Debug|Win32
		{500AD355-3D23-34F2-B2A0-3A32029216CD}.Release|Win32.ActiveCfg = Release|Win32
		{500AD355-3D23-34F2-B2A0-3A32029216CD}.Release|Win32.Build.0 = Release|Win32
		{500AD355-3D23-34F2-B2A0-3A32029216CD}.MinSizeRel|Win32.ActiveCfg = MinSizeRel|Win32
		{500AD355-3D23-34F2-B2A0-3A32029216CD}.MinSizeRel|Win32.Build.0 = MinSizeRel|Win32
		{500AD355-3D23-34F2-B2A0-3A32029216CD}.RelWithDebInfo|Win32.ActiveCfg = RelWithDebInfo|Win32
		{500AD355-3D23-34F2-B2A0-3A32029216CD}.RelWithDebInfo|Win32.Build.0 = RelWithDebInfo|Win32
		{6AF65550-F496-3591-9A27-C3D3CA11981C}.Debug|Win32.ActiveCfg = Debug|Win32
		{6AF65550-F496-3591-9A27-C3D3CA11981C}.Debug|Win32.Build.0 = Debug|Win32
		{6AF65550-F496-3591-9A27-C3D3CA11981C}.Release|Win32.ActiveCfg = Release|Win32
		{6AF65550-F496-3591-9A27-C3D3CA11981C}.Release|Win32.Build.0 = Release|Win32
		{6AF65550-F496-3591-9A27-C3D3CA11981C}.MinSizeRel|Win32.ActiveCfg = MinSizeRel|Win32
		{6AF65550-F496-3591-9A27-C3D3CA11981C}.MinSizeRel|Win32.Build.0 = MinSizeRel|Win32
		{6AF65550-F496-3591-9A27-C3D3CA11981C}.RelWithDebInfo|Win32.ActiveCfg = RelWithDebInfo|Win32
		{6AF65550-F496-3591-9A27-C3D3CA11981C}.RelWithDebInfo|Win32.Build.0 = RelWithDebInfo|Win32
	EndGlobalSection
	GlobalSection(ExtensibilityGlobals) = postSolution
		SolutionGuid = {8B69461E-E5A5-3518-A81A-7122F2A545CC}
	EndGlobalSection
	GlobalSection(ExtensibilityAddIns) = postSolution
	EndGlobalSection
EndGlobal
